
Microsoft Visual Studio Solution File, Format Version 12.00
# Visual Studio Version 16
VisualStudioVersion = 16.0.30114.105
MinimumVisualStudioVersion = 10.0.40219.1
Project("{FAE04EC0-301F-11D3-BF4B-00C04F79EFBC}") = "BankEntities", "BankEntities\BankEntities.csproj", "{6B58964E-F7AE-4525-AC0D-2CD88DDE2B53}"
EndProject
Project("{FAE04EC0-301F-11D3-BF4B-00C04F79EFBC}") = "BankingTest", "BankingTest\BankingTest.csproj", "{CAD4443B-E54E-4050-AF09-23EA637AEC69}"
EndProject
Global
	GlobalSection(SolutionConfigurationPlatforms) = preSolution
		Debug|Any CPU = Debug|Any CPU
		Debug|x64 = Debug|x64
		Debug|x86 = Debug|x86
		Release|Any CPU = Release|Any CPU
		Release|x64 = Release|x64
		Release|x86 = Release|x86
	EndGlobalSection
	GlobalSection(SolutionProperties) = preSolution
		HideSolutionNode = FALSE
	EndGlobalSection
	GlobalSection(ProjectConfigurationPlatforms) = postSolution
		{6B58964E-F7AE-4525-AC0D-2CD88DDE2B53}.Debug|Any CPU.ActiveCfg = Debug|Any CPU
		{6B58964E-F7AE-4525-AC0D-2CD88DDE2B53}.Debug|Any CPU.Build.0 = Debug|Any CPU
		{6B58964E-F7AE-4525-AC0D-2CD88DDE2B53}.Debug|x64.ActiveCfg = Debug|Any CPU
		{6B58964E-F7AE-4525-AC0D-2CD88DDE2B53}.Debug|x64.Build.0 = Debug|Any CPU
		{6B58964E-F7AE-4525-AC0D-2CD88DDE2B53}.Debug|x86.ActiveCfg = Debug|Any CPU
		{6B58964E-F7AE-4525-AC0D-2CD88DDE2B53}.Debug|x86.Build.0 = Debug|Any CPU
		{6B58964E-F7AE-4525-AC0D-2CD88DDE2B53}.Release|Any CPU.ActiveCfg = Release|Any CPU
		{6B58964E-F7AE-4525-AC0D-2CD88DDE2B53}.Release|Any CPU.Build.0 = Release|Any CPU
		{6B58964E-F7AE-4525-AC0D-2CD88DDE2B53}.Release|x64.ActiveCfg = Release|Any CPU
		{6B58964E-F7AE-4525-AC0D-2CD88DDE2B53}.Release|x64.Build.0 = Release|Any CPU
		{6B58964E-F7AE-4525-AC0D-2CD88DDE2B53}.Release|x86.ActiveCfg = Release|Any CPU
		{6B58964E-F7AE-4525-AC0D-2CD88DDE2B53}.Release|x86.Build.0 = Release|Any CPU
		{CAD4443B-E54E-4050-AF09-23EA637AEC69}.Debug|Any CPU.ActiveCfg = Debug|Any CPU
		{CAD4443B-E54E-4050-AF09-23EA637AEC69}.Debug|Any CPU.Build.0 = Debug|Any CPU
		{CAD4443B-E54E-4050-AF09-23EA637AEC69}.Debug|x64.ActiveCfg = Debug|Any CPU
		{CAD4443B-E54E-4050-AF09-23EA637AEC69}.Debug|x64.Build.0 = Debug|Any CPU
		{CAD4443B-E54E-4050-AF09-23EA637AEC69}.Debug|x86.ActiveCfg = Debug|Any CPU
		{CAD4443B-E54E-4050-AF09-23EA637AEC69}.Debug|x86.Build.0 = Debug|Any CPU
		{CAD4443B-E54E-4050-AF09-23EA637AEC69}.Release|Any CPU.ActiveCfg = Release|Any CPU
		{CAD4443B-E54E-4050-AF09-23EA637AEC69}.Release|Any CPU.Build.0 = Release|Any CPU
		{CAD4443B-E54E-4050-AF09-23EA637AEC69}.Release|x64.ActiveCfg = Release|Any CPU
		{CAD4443B-E54E-4050-AF09-23EA637AEC69}.Release|x64.Build.0 = Release|Any CPU
		{CAD4443B-E54E-4050-AF09-23EA637AEC69}.Release|x86.ActiveCfg = Release|Any CPU
		{CAD4443B-E54E-4050-AF09-23EA637AEC69}.Release|x86.Build.0 = Release|Any CPU
	EndGlobalSection
EndGlobal
